PATH
  remote: .
  specs:
    rutile (0.5.0)
      rbs (>= 3.8)

GEM
  remote: https://rubygems.org/
  specs:
    logger (1.7.0)
    minitest (5.27.0)
    prism (1.9.0)
    rack (3.2.7)
    rake (13.4.2)
    rbs (4.2.0)
      logger
      prism (>= 1.6.0)
      tsort
    tsort (0.2.0)

PLATFORMS
  ruby
  x86_64-linux

DEPENDENCIES
  minitest (~> 5.25)
  rack (~> 3.1)
  rake (~> 13.2)
  rutile!

BUNDLED WITH
   2.6.9
